
Microsoft Visual Studio Solution File, Format Version 12.00
# Visual Studio Version 17
VisualStudioVersion = 17.2.32616.157
MinimumVisualStudioVersion = 10.0.40219.1
Project("{FAE04EC0-301F-11D3-BF4B-00C04F79EFBC}") = "Ledgerscope.GeographicLocations", "Ledgerscope.GeographicLocations\Ledgerscope.GeographicLocations.csproj", "{2B4C8EC2-3DFD-4D33-9027-4C2A9617A789}"
EndProject
Project("{FAE04EC0-301F-11D3-BF4B-00C04F79EFBC}") = "Ledgerscope.GeographicLocations.Generator", "Ledgerscope.GeographicLocations.Generator\Ledgerscope.GeographicLocations.Generator.csproj", "{9F7FE644-E979-4D8B-8B96-4BB94B2B3752}"
EndProject
Global
	GlobalSection(SolutionConfigurationPlatforms) = preSolution
		Debug|Any CPU = Debug|Any CPU
		Release|Any CPU = Release|Any CPU
	EndGlobalSection
	GlobalSection(ProjectConfigurationPlatforms) = postSolution
		{2B4C8EC2-3DFD-4D33-9027-4C2A9617A789}.Debug|Any CPU.ActiveCfg = Debug|Any CPU
		{2B4C8EC2-3DFD-4D33-9027-4C2A9617A789}.Debug|Any CPU.Build.0 = Debug|Any CPU
		{2B4C8EC2-3DFD-4D33-9027-4C2A9617A789}.Release|Any CPU.ActiveCfg = Release|Any CPU
		{2B4C8EC2-3DFD-4D33-9027-4C2A9617A789}.Release|Any CPU.Build.0 = Release|Any CPU
		{9F7FE644-E979-4D8B-8B96-4BB94B2B3752}.Debug|Any CPU.ActiveCfg = Debug|Any CPU
		{9F7FE644-E979-4D8B-8B96-4BB94B2B3752}.Debug|Any CPU.Build.0 = Debug|Any CPU
		{9F7FE644-E979-4D8B-8B96-4BB94B2B3752}.Release|Any CPU.ActiveCfg = Release|Any CPU
		{9F7FE644-E979-4D8B-8B96-4BB94B2B3752}.Release|Any CPU.Build.0 = Release|Any CPU
	EndGlobalSection
	GlobalSection(SolutionProperties) = preSolution
		HideSolutionNode = FALSE
	EndGlobalSection
	GlobalSection(ExtensibilityGlobals) = postSolution
		SolutionGuid = {F7649D1A-D26C-4B70-8C5E-BDDA18C20150}
	EndGlobalSection
EndGlobal
